Microsoft Visual Studio Solution File, Format Version 12.00
# Visual Studio Version 17
VisualStudioVersion = 17.1.32319.34
MinimumVisualStudioVersion = 10.0.40219.1
Project("{8BC9CEB8-8B4A-11D0-8D11-00A0C91BC942}") = "Box2D", "Box2D\Box2D.vcxproj", "{2977EAE5-53D5-461D-A291-54F2F1E0A767}"
EndProject
Project("{9A19103F-16F7-4668-BE54-9A1E7A4F7556}") = "Engine.Box2D", "Engine.Box2D\Engine.Box2D.csproj", "{32C78692-518C-4E8C-97F6-128DD75C38A5}"
EndProject
Project("{FAE04EC0-301F-11D3-BF4B-00C04F79EFBC}") = "Engine.Box2D.Tests", "Engine.Box2D.Tests\Engine.Box2D.Tests.csproj", "{A438C1DA-088F-45EC-9614-5F43014EB3A6}"
EndProject
Global
	GlobalSection(SolutionConfigurationPlatforms) = preSolution
		Debug|Any CPU = Debug|Any CPU
		Debug|Win32 = Debug|Win32
		Release|Any CPU = Release|Any CPU
		Release|Win32 = Release|Win32
	EndGlobalSection
	GlobalSection(ProjectConfigurationPlatforms) = postSolution
		{2977EAE5-53D5-461D-A291-54F2F1E0A767}.Debug|Any CPU.ActiveCfg = Debug|Win32
		{2977EAE5-53D5-461D-A291-54F2F1E0A767}.Debug|Any CPU.Build.0 = Debug|Win32
		{2977EAE5-53D5-461D-A291-54F2F1E0A767}.Debug|Win32.ActiveCfg = Debug|Win32
		{2977EAE5-53D5-461D-A291-54F2F1E0A767}.Debug|Win32.Build.0 = Debug|Win32
		{2977EAE5-53D5-461D-A291-54F2F1E0A767}.Release|Any CPU.ActiveCfg = Release|Win32
		{2977EAE5-53D5-461D-A291-54F2F1E0A767}.Release|Any CPU.Build.0 = Release|Win32
		{2977EAE5-53D5-461D-A291-54F2F1E0A767}.Release|Win32.ActiveCfg = Release|Win32
		{2977EAE5-53D5-461D-A291-54F2F1E0A767}.Release|Win32.Build.0 = Release|Win32
		{32C78692-518C-4E8C-97F6-128DD75C38A5}.Debug|Any CPU.ActiveCfg = Debug|Any CPU
		{32C78692-518C-4E8C-97F6-128DD75C38A5}.Debug|Any CPU.Build.0 = Debug|Any CPU
		{32C78692-518C-4E8C-97F6-128DD75C38A5}.Debug|Win32.ActiveCfg = Debug|Any CPU
		{32C78692-518C-4E8C-97F6-128DD75C38A5}.Debug|Win32.Build.0 = Debug|Any CPU
		{32C78692-518C-4E8C-97F6-128DD75C38A5}.Release|Any CPU.ActiveCfg = Release|Any CPU
		{32C78692-518C-4E8C-97F6-128DD75C38A5}.Release|Any CPU.Build.0 = Release|Any CPU
		{32C78692-518C-4E8C-97F6-128DD75C38A5}.Release|Win32.ActiveCfg = Release|Any CPU
		{32C78692-518C-4E8C-97F6-128DD75C38A5}.Release|Win32.Build.0 = Release|Any CPU
		{A438C1DA-088F-45EC-9614-5F43014EB3A6}.Debug|Any CPU.ActiveCfg = Debug|Any CPU
		{A438C1DA-088F-45EC-9614-5F43014EB3A6}.Debug|Any CPU.Build.0 = Debug|Any CPU
		{A438C1DA-088F-45EC-9614-5F43014EB3A6}.Debug|Win32.ActiveCfg = Debug|Any CPU
		{A438C1DA-088F-45EC-9614-5F43014EB3A6}.Debug|Win32.Build.0 = Debug|Any CPU
		{A438C1DA-088F-45EC-9614-5F43014EB3A6}.Release|Any CPU.ActiveCfg = Release|Any CPU
		{A438C1DA-088F-45EC-9614-5F43014EB3A6}.Release|Any CPU.Build.0 = Release|Any CPU
		{A438C1DA-088F-45EC-9614-5F43014EB3A6}.Release|Win32.ActiveCfg = Release|Any CPU
		{A438C1DA-088F-45EC-9614-5F43014EB3A6}.Release|Win32.Build.0 = Release|Any CPU
	EndGlobalSection
	GlobalSection(SolutionProperties) = preSolution
		HideSolutionNode = FALSE
	EndGlobalSection
	GlobalSection(ExtensibilityGlobals) = postSolution
		SolutionGuid = {E6FC2A76-C5DE-403D-BE1D-A10E1B8041B1}
	EndGlobalSection
EndGlobal
